{
  "name": "@amaneku/prettier-config",
  "version": "3.0.0",
  "lockfileVersion": 1,
  "requires": true,
  "dependencies": {
    "@amaneku/renovate-config": {
      "version": "1.3.0",
      "resolved": "https://registry.npmjs.org/@amaneku/renovate-config/-/renovate-config-1.3.0.tgz",
      "integrity": "sha512-I2qzvsTKqolO2L9X6txzj6nf8YAx2g095Xj/XefuF5guUzOSN4L8UQnpdL1iwPbvLzxyTo3fVh378iCEdSWdEQ==",
      "dev": true
    },
    "prettier": {
      "version": "3.2.5",
      "resolved": "https://registry.npmjs.org/prettier/-/prettier-3.2.5.tgz",
      "integrity": "sha512-3/GWa9aOC0YeD7LUfvOG2NiDyhOWRvt1k+rcKhOuYnMY24iiCphgneUfJDyFXd6rZCAnuLBv6UeAULtrhT/F4A==",
      "dev": true
    }
  }
}
