{
  "name": "@amaneku/prettier-config",
  "version": "1.1.0",
  "lockfileVersion": 1,
  "requires": true,
  "dependencies": {
    "prettier": {
      "version": "1.13.2",
      "resolved": "https://registry.npmjs.org/prettier/-/prettier-1.13.2.tgz",
      "integrity": "sha512-D9oFKkJ7g76fRxkRh9MWBh4j2vbNGO4rtEUJbj46zId5wnm0dwHruoyg4Od9Zqh3WNl0jwxnWSlEGAnl+/thWA==",
      "dev": true
    }
  }
}
