{
  "name": "@amaneku/prettier-config",
  "version": "1.2.0",
  "lockfileVersion": 1,
  "requires": true,
  "dependencies": {
    "@amaneku/renovate-config": {
      "version": "1.0.1",
      "resolved": "https://registry.npmjs.org/@amaneku/renovate-config/-/renovate-config-1.0.1.tgz",
      "integrity": "sha512-11xZ+qjvsTW/mvS72Hnmtfcyyny3xbGhgyoMDK/nIsBKP2AH1V40IFlXApvudiYrVTS96rqACDVmfBQ0jhRmnQ==",
      "dev": true
    },
    "prettier": {
      "version": "1.15.1",
      "resolved": "https://registry.npmjs.org/prettier/-/prettier-1.15.1.tgz",
      "integrity": "sha512-4rgV2hyc/5Pk0XHH4VjJWHRgVjgRbpMfLQjREAhHBtyW1UvTFkjJEsueGYNYYZd9mn97K+1qv0EBwm11zoaSgA==",
      "dev": true
    }
  }
}
